
Microsoft Visual Studio Solution File, Format Version 12.00
# Visual Studio 15
VisualStudioVersion = 15.0.27703.2026
MinimumVisualStudioVersion = 10.0.40219.1
Project("{FAE04EC0-301F-11D3-BF4B-00C04F79EFBC}") = "PersonalOs", "PersonalOs\PersonalOs.csproj", "{F10CA5E7-D808-46B1-A003-2E3BF3B45E6F}"
EndProject
Project("{FAE04EC0-301F-11D3-BF4B-00C04F79EFBC}") = "Kernel", "Kernel\Kernel.csproj", "{AA7C6915-597D-4356-B8FB-23D972DC5D82}"
EndProject
Project("{FAE04EC0-301F-11D3-BF4B-00C04F79EFBC}") = "BootLoader", "BootLoader\BootLoader.csproj", "{ACACA3E9-91B2-4802-8CFB-385F142B0567}"
EndProject
Project("{FAE04EC0-301F-11D3-BF4B-00C04F79EFBC}") = "Menu", "Menu\Menu.csproj", "{23899ACA-AF70-4B8B-8FBB-1D04541A3946}"
EndProject
Project("{FAE04EC0-301F-11D3-BF4B-00C04F79EFBC}") = "DesktopEnviroment", "DesktopEnviroment\DesktopEnviroment.csproj", "{82A63599-B30F-4C59-9964-765686F2854F}"
EndProject
Project("{FAE04EC0-301F-11D3-BF4B-00C04F79EFBC}") = "MPFS_FS", "MPFS_FS\MPFS_FS.csproj", "{9ABC8055-E123-4303-87A8-2AC873C2DF8B}"
EndProject
Global
	GlobalSection(SolutionConfigurationPlatforms) = preSolution
		Debug|Any CPU = Debug|Any CPU
		Release|Any CPU = Release|Any CPU
	EndGlobalSection
	GlobalSection(ProjectConfigurationPlatforms) = postSolution
		{F10CA5E7-D808-46B1-A003-2E3BF3B45E6F}.Debug|Any CPU.ActiveCfg = Debug|Any CPU
		{F10CA5E7-D808-46B1-A003-2E3BF3B45E6F}.Debug|Any CPU.Build.0 = Debug|Any CPU
		{F10CA5E7-D808-46B1-A003-2E3BF3B45E6F}.Release|Any CPU.ActiveCfg = Release|Any CPU
		{F10CA5E7-D808-46B1-A003-2E3BF3B45E6F}.Release|Any CPU.Build.0 = Release|Any CPU
		{AA7C6915-597D-4356-B8FB-23D972DC5D82}.Debug|Any CPU.ActiveCfg = Debug|Any CPU
		{AA7C6915-597D-4356-B8FB-23D972DC5D82}.Debug|Any CPU.Build.0 = Debug|Any CPU
		{AA7C6915-597D-4356-B8FB-23D972DC5D82}.Release|Any CPU.ActiveCfg = Release|Any CPU
		{AA7C6915-597D-4356-B8FB-23D972DC5D82}.Release|Any CPU.Build.0 = Release|Any CPU
		{ACACA3E9-91B2-4802-8CFB-385F142B0567}.Debug|Any CPU.ActiveCfg = Debug|Any CPU
		{ACACA3E9-91B2-4802-8CFB-385F142B0567}.Debug|Any CPU.Build.0 = Debug|Any CPU
		{ACACA3E9-91B2-4802-8CFB-385F142B0567}.Release|Any CPU.ActiveCfg = Release|Any CPU
		{ACACA3E9-91B2-4802-8CFB-385F142B0567}.Release|Any CPU.Build.0 = Release|Any CPU
		{23899ACA-AF70-4B8B-8FBB-1D04541A3946}.Debug|Any CPU.ActiveCfg = Debug|Any CPU
		{23899ACA-AF70-4B8B-8FBB-1D04541A3946}.Debug|Any CPU.Build.0 = Debug|Any CPU
		{23899ACA-AF70-4B8B-8FBB-1D04541A3946}.Release|Any CPU.ActiveCfg = Release|Any CPU
		{23899ACA-AF70-4B8B-8FBB-1D04541A3946}.Release|Any CPU.Build.0 = Release|Any CPU
		{82A63599-B30F-4C59-9964-765686F2854F}.Debug|Any CPU.ActiveCfg = Debug|Any CPU
		{82A63599-B30F-4C59-9964-765686F2854F}.Debug|Any CPU.Build.0 = Debug|Any CPU
		{82A63599-B30F-4C59-9964-765686F2854F}.Release|Any CPU.ActiveCfg = Release|Any CPU
		{82A63599-B30F-4C59-9964-765686F2854F}.Release|Any CPU.Build.0 = Release|Any CPU
		{9ABC8055-E123-4303-87A8-2AC873C2DF8B}.Debug|Any CPU.ActiveCfg = Debug|Any CPU
		{9ABC8055-E123-4303-87A8-2AC873C2DF8B}.Debug|Any CPU.Build.0 = Debug|Any CPU
		{9ABC8055-E123-4303-87A8-2AC873C2DF8B}.Release|Any CPU.ActiveCfg = Release|Any CPU
		{9ABC8055-E123-4303-87A8-2AC873C2DF8B}.Release|Any CPU.Build.0 = Release|Any CPU
	EndGlobalSection
	GlobalSection(SolutionProperties) = preSolution
		HideSolutionNode = FALSE
	EndGlobalSection
	GlobalSection(ExtensibilityGlobals) = postSolution
		SolutionGuid = {F5D19D23-9372-4CC1-8584-7CC23BAB8D64}
	EndGlobalSection
EndGlobal
